// !$*UTF8*$!
{
	archiveVersion = 1;
	classes = {
	};
	objectVersion = 46;
	objects = {

/* Begin PBXBuildFile section */
		BE196D781AE8782900FC16FF /* StdControl.swift in Sources */ = {isa = PBXBuildFile; fileRef = BE196D771AE8782900FC16FF /* StdControl.swift */; };
		BE196D7C1AE9683F00FC16FF /* ImapCLIExecution.swift in Sources */ = {isa = PBXBuildFile; fileRef = BE196D7B1AE9683F00FC16FF /* ImapCLIExecution.swift */; };
		BE5A015F1AE042FF00AEC05A /* main.swift in Sources */ = {isa = PBXBuildFile; fileRef = BE5A015E1AE042FF00AEC05A /* main.swift */; };
		BE5A01661AE045DB00AEC05A /* CLIOptions.swift in Sources */ = {isa = PBXBuildFile; fileRef = BE5A01651AE045DB00AEC05A /* CLIOptions.swift */; };
		BE988D321AE2B7A500BBD543 /* extensions.swift in Sources */ = {isa = PBXBuildFile; fileRef = BE988D311AE2B7A500BBD543 /* extensions.swift */; };
		BE988D341AE2FF5000BBD543 /* LogFile.swift in Sources */ = {isa = PBXBuildFile; fileRef = BE988D331AE2FF5000BBD543 /* LogFile.swift */; };
		BE988D361AE5A71D00BBD543 /* TCPConnection.swift in Sources */ = {isa = PBXBuildFile; fileRef = BE988D351AE5A71D00BBD543 /* TCPConnection.swift */; };
		BECEF2931AEA803600A10BE6 /* Terminal.swift in Sources */ = {isa = PBXBuildFile; fileRef = BECEF2921AEA803600A10BE6 /* Terminal.swift */; };
/* End PBXBuildFile section */

/* Begin PBXCopyFilesBuildPhase section */
		BE5A01591AE042FF00AEC05A /* CopyFiles */ = {
			isa = PBXCopyFilesBuildPhase;
			buildActionMask = 2147483647;
			dstPath = /usr/share/man/man1/;
			dstSubfolderSpec = 0;
			files = (
			);
			runOnlyForDeploymentPostprocessing = 1;
		};
/* End PBXCopyFilesBuildPhase section */

/* Begin PBXFileReference section */
		BE196D771AE8782900FC16FF /* StdControl.swift */ = {isa = PBXFileReference; fileEncoding = 4; lastKnownFileType = sourcecode.swift; path = StdControl.swift; sourceTree = "<group>"; };
		BE196D7B1AE9683F00FC16FF /* ImapCLIExecution.swift */ = {isa = PBXFileReference; fileEncoding = 4; lastKnownFileType = sourcecode.swift; path = ImapCLIExecution.swift; sourceTree = "<group>"; };
		BE5A015B1AE042FF00AEC05A /* imap-cli */ = {isa = PBXFileReference; explicitFileType = "compiled.mach-o.executable"; includeInIndex = 0; path = "imap-cli"; sourceTree = BUILT_PRODUCTS_DIR; };
		BE5A015E1AE042FF00AEC05A /* main.swift */ = {isa = PBXFileReference; lastKnownFileType = sourcecode.swift; path = main.swift; sourceTree = "<group>"; };
		BE5A01651AE045DB00AEC05A /* CLIOptions.swift */ = {isa = PBXFileReference; fileEncoding = 4; lastKnownFileType = sourcecode.swift; path = CLIOptions.swift; sourceTree = "<group>"; };
		BE988D311AE2B7A500BBD543 /* extensions.swift */ = {isa = PBXFileReference; fileEncoding = 4; lastKnownFileType = sourcecode.swift; path = extensions.swift; sourceTree = "<group>"; };
		BE988D331AE2FF5000BBD543 /* LogFile.swift */ = {isa = PBXFileReference; fileEncoding = 4; lastKnownFileType = sourcecode.swift; path = LogFile.swift; sourceTree = "<group>"; };
		BE988D351AE5A71D00BBD543 /* TCPConnection.swift */ = {isa = PBXFileReference; fileEncoding = 4; lastKnownFileType = sourcecode.swift; path = TCPConnection.swift; sourceTree = "<group>"; };
		BECEF2921AEA803600A10BE6 /* Terminal.swift */ = {isa = PBXFileReference; fileEncoding = 4; lastKnownFileType = sourcecode.swift; path = Terminal.swift; sourceTree = "<group>"; };
/* End PBXFileReference section */

/* Begin PBXFrameworksBuildPhase section */
		BE5A01581AE042FF00AEC05A /* Frameworks */ = {
			isa = PBXFrameworksBuildPhase;
			buildActionMask = 2147483647;
			files = (
			);
			runOnlyForDeploymentPostprocessing = 0;
		};
/* End PBXFrameworksBuildPhase section */

/* Begin PBXGroup section */
		BE5A01521AE042FF00AEC05A = {
			isa = PBXGroup;
			children = (
				BE5A015D1AE042FF00AEC05A /* imap-cli */,
				BE5A015C1AE042FF00AEC05A /* Products */,
			);
			sourceTree = "<group>";
		};
		BE5A015C1AE042FF00AEC05A /* Products */ = {
			isa = PBXGroup;
			children = (
				BE5A015B1AE042FF00AEC05A /* imap-cli */,
			);
			name = Products;
			sourceTree = "<group>";
		};
		BE5A015D1AE042FF00AEC05A /* imap-cli */ = {
			isa = PBXGroup;
			children = (
				BE5A015E1AE042FF00AEC05A /* main.swift */,
				BE196D771AE8782900FC16FF /* StdControl.swift */,
				BE988D351AE5A71D00BBD543 /* TCPConnection.swift */,
				BE196D7B1AE9683F00FC16FF /* ImapCLIExecution.swift */,
				BECEF2921AEA803600A10BE6 /* Terminal.swift */,
				BE5A01651AE045DB00AEC05A /* CLIOptions.swift */,
				BE988D331AE2FF5000BBD543 /* LogFile.swift */,
				BE988D311AE2B7A500BBD543 /* extensions.swift */,
			);
			path = "imap-cli";
			sourceTree = "<group>";
		};
/* End PBXGroup section */

/* Begin PBXNativeTarget section */
		BE5A015A1AE042FF00AEC05A /* imap-cli */ = {
			isa = PBXNativeTarget;
			buildConfigurationList = BE5A01621AE042FF00AEC05A /* Build configuration list for PBXNativeTarget "imap-cli" */;
			buildPhases = (
				BE5A01571AE042FF00AEC05A /* Sources */,
				BE5A01581AE042FF00AEC05A /* Frameworks */,
				BE5A01591AE042FF00AEC05A /* CopyFiles */,
			);
			buildRules = (
			);
			dependencies = (
			);
			name = "imap-cli";
			productName = "imap-cli";
			productReference = BE5A015B1AE042FF00AEC05A /* imap-cli */;
			productType = "com.apple.product-type.tool";
		};
/* End PBXNativeTarget section */

/* Begin PBXProject section */
		BE5A01531AE042FF00AEC05A /* Project object */ = {
			isa = PBXProject;
			attributes = {
				LastUpgradeCheck = 0630;
				ORGANIZATIONNAME = "Are Digranes";
				TargetAttributes = {
					BE5A015A1AE042FF00AEC05A = {
						CreatedOnToolsVersion = 6.4;
					};
				};
			};
			buildConfigurationList = BE5A01561AE042FF00AEC05A /* Build configuration list for PBXProject "imap-cli" */;
			compatibilityVersion = "Xcode 3.2";
			developmentRegion = English;
			hasScannedForEncodings = 0;
			knownRegions = (
				en,
			);
			mainGroup = BE5A01521AE042FF00AEC05A;
			productRefGroup = BE5A015C1AE042FF00AEC05A /* Products */;
			projectDirPath = "";
			projectRoot = "";
			targets = (
				BE5A015A1AE042FF00AEC05A /* imap-cli */,
			);
		};
/* End PBXProject section */

/* Begin PBXSourcesBuildPhase section */
		BE5A01571AE042FF00AEC05A /* Sources */ = {
			isa = PBXSourcesBuildPhase;
			buildActionMask = 2147483647;
			files = (
				BE988D361AE5A71D00BBD543 /* TCPConnection.swift in Sources */,
				BE5A015F1AE042FF00AEC05A /* main.swift in Sources */,
				BE5A01661AE045DB00AEC05A /* CLIOptions.swift in Sources */,
				BE196D7C1AE9683F00FC16FF /* ImapCLIExecution.swift in Sources */,
				BE988D341AE2FF5000BBD543 /* LogFile.swift in Sources */,
				BECEF2931AEA803600A10BE6 /* Terminal.swift in Sources */,
				BE988D321AE2B7A500BBD543 /* extensions.swift in Sources */,
				BE196D781AE8782900FC16FF /* StdControl.swift in Sources */,
			);
			runOnlyForDeploymentPostprocessing = 0;
		};
/* End PBXSourcesBuildPhase section */

/* Begin XCBuildConfiguration section */
		BE5A01601AE042FF00AEC05A /* Debug */ = {
			isa = XCBuildConfiguration;
			buildSettings = {
				ALWAYS_SEARCH_USER_PATHS = NO;
				CLANG_CXX_LANGUAGE_STANDARD = "gnu++0x";
				CLANG_CXX_LIBRARY = "libc++";
				CLANG_ENABLE_MODULES = YES;
				CLANG_ENABLE_OBJC_ARC = YES;
				CLANG_WARN_BOOL_CONVERSION = YES;
				CLANG_WARN_CONSTANT_CONVERSION = YES;
				CLANG_WARN_DIRECT_OBJC_ISA_USAGE = YES_ERROR;
				CLANG_WARN_EMPTY_BODY = YES;
				CLANG_WARN_ENUM_CONVERSION = YES;
				CLANG_WARN_INT_CONVERSION = YES;
				CLANG_WARN_OBJC_ROOT_CLASS = YES_ERROR;
				CLANG_WARN_UNREACHABLE_CODE = YES;
				CLANG_WARN__DUPLICATE_METHOD_MATCH = YES;
				COPY_PHASE_STRIP = NO;
				DEBUG_INFORMATION_FORMAT = dwarf;
				ENABLE_STRICT_OBJC_MSGSEND = YES;
				GCC_C_LANGUAGE_STANDARD = gnu99;
				GCC_DYNAMIC_NO_PIC = NO;
				GCC_NO_COMMON_BLOCKS = YES;
				GCC_OPTIMIZATION_LEVEL = 0;
				GCC_PREPROCESSOR_DEFINITIONS = (
					"DEBUG=1",
					"$(inherited)",
				);
				GCC_SYMBOLS_PRIVATE_EXTERN = NO;
				GCC_WARN_64_TO_32_BIT_CONVERSION = YES;
				GCC_WARN_ABOUT_RETURN_TYPE = YES_ERROR;
				GCC_WARN_UNDECLARED_SELECTOR = YES;
				GCC_WARN_UNINITIALIZED_AUTOS = YES_AGGRESSIVE;
				GCC_WARN_UNUSED_FUNCTION = YES;
				GCC_WARN_UNUSED_VARIABLE = YES;
				MACOSX_DEPLOYMENT_TARGET = 10.10;
				MTL_ENABLE_DEBUG_INFO = YES;
				ONLY_ACTIVE_ARCH = YES;
				SDKROOT = macosx;
				SWIFT_OPTIMIZATION_LEVEL = "-Onone";
			};
			name = Debug;
		};
		BE5A01611AE042FF00AEC05A /* Release */ = {
			isa = XCBuildConfiguration;
			buildSettings = {
				ALWAYS_SEARCH_USER_PATHS = NO;
				CLANG_CXX_LANGUAGE_STANDARD = "gnu++0x";
				CLANG_CXX_LIBRARY = "libc++";
				CLANG_ENABLE_MODULES = YES;
				CLANG_ENABLE_OBJC_ARC = YES;
				CLANG_WARN_BOOL_CONVERSION = YES;
				CLANG_WARN_CONSTANT_CONVERSION = YES;
				CLANG_WARN_DIRECT_OBJC_ISA_USAGE = YES_ERROR;
				CLANG_WARN_EMPTY_BODY = YES;
				CLANG_WARN_ENUM_CONVERSION = YES;
				CLANG_WARN_INT_CONVERSION = YES;
				CLANG_WARN_OBJC_ROOT_CLASS = YES_ERROR;
				CLANG_WARN_UNREACHABLE_CODE = YES;
				CLANG_WARN__DUPLICATE_METHOD_MATCH = YES;
				COPY_PHASE_STRIP = NO;
				DEBUG_INFORMATION_FORMAT = "dwarf-with-dsym";
				ENABLE_NS_ASSERTIONS = NO;
				ENABLE_STRICT_OBJC_MSGSEND = YES;
				GCC_C_LANGUAGE_STANDARD = gnu99;
				GCC_NO_COMMON_BLOCKS = YES;
				GCC_WARN_64_TO_32_BIT_CONVERSION = YES;
				GCC_WARN_ABOUT_RETURN_TYPE = YES_ERROR;
				GCC_WARN_UNDECLARED_SELECTOR = YES;
				GCC_WARN_UNINITIALIZED_AUTOS = YES_AGGRESSIVE;
				GCC_WARN_UNUSED_FUNCTION = YES;
				GCC_WARN_UNUSED_VARIABLE = YES;
				MACOSX_DEPLOYMENT_TARGET = 10.10;
				MTL_ENABLE_DEBUG_INFO = NO;
				SDKROOT = macosx;
			};
			name = Release;
		};
		BE5A01631AE042FF00AEC05A /* Debug */ = {
			isa = XCBuildConfiguration;
			buildSettings = {
				OTHER_SWIFT_FLAGS = "-DDEBUG";
				PRODUCT_NAME = "$(TARGET_NAME)";
			};
			name = Debug;
		};
		BE5A01641AE042FF00AEC05A /* Release */ = {
			isa = XCBuildConfiguration;
			buildSettings = {
				OTHER_SWIFT_FLAGS = "-DRELEASE";
				PRODUCT_NAME = "$(TARGET_NAME)";
			};
			name = Release;
		};
/* End XCBuildConfiguration section */

/* Begin XCConfigurationList section */
		BE5A01561AE042FF00AEC05A /* Build configuration list for PBXProject "imap-cli" */ = {
			isa = XCConfigurationList;
			buildConfigurations = (
				BE5A01601AE042FF00AEC05A /* Debug */,
				BE5A01611AE042FF00AEC05A /* Release */,
			);
			defaultConfigurationIsVisible = 0;
			defaultConfigurationName = Release;
		};
		BE5A01621AE042FF00AEC05A /* Build configuration list for PBXNativeTarget "imap-cli" */ = {
			isa = XCConfigurationList;
			buildConfigurations = (
				BE5A01631AE042FF00AEC05A /* Debug */,
				BE5A01641AE042FF00AEC05A /* Release */,
			);
			defaultConfigurationIsVisible = 0;
			defaultConfigurationName = Release;
		};
/* End XCConfigurationList section */
	};
	rootObject = BE5A01531AE042FF00AEC05A /* Project object */;
}
